// !$*UTF8*$!
{
	archiveVersion = 1;
	classes = {
	};
	objectVersion = 50;
	objects = {

/* Begin PBXBuildFile section */
		1102A14B231BD9C100C0571B /* AppDelegate.swift in Sources */ = {isa = PBXBuildFile; fileRef = 1102A14A231BD9C100C0571B /* AppDelegate.swift */; };
		1102A14D231BD9C100C0571B /* ViewController.swift in Sources */ = {isa = PBXBuildFile; fileRef = 1102A14C231BD9C100C0571B /* ViewController.swift */; };
		1102A150231BD9C100C0571B /* Main.storyboard in Resources */ = {isa = PBXBuildFile; fileRef = 1102A14E231BD9C100C0571B /* Main.storyboard */; };
		1102A152231BD9C200C0571B /* Assets.xcassets in Resources */ = {isa = PBXBuildFile; fileRef = 1102A151231BD9C200C0571B /* Assets.xcassets */; };
		1102A155231BD9C200C0571B /* LaunchScreen.storyboard in Resources */ = {isa = PBXBuildFile; fileRef = 1102A153231BD9C200C0571B /* LaunchScreen.storyboard */; };
		1102A173231BDB6800C0571B /* Calculator.swift in Sources */ = {isa = PBXBuildFile; fileRef = 1102A172231BDB6800C0571B /* Calculator.swift */; };
		1102A177231BDC3700C0571B /* CalculatorTests.swift in Sources */ = {isa = PBXBuildFile; fileRef = 1102A176231BDC3700C0571B /* CalculatorTests.swift */; };
		116A8A212348C920009A2152 /* MetiersFaitQuelqueChose.swift in Sources */ = {isa = PBXBuildFile; fileRef = 116A8A202348C920009A2152 /* MetiersFaitQuelqueChose.swift */; };
		116A8A232348C94B009A2152 /* Network.swift in Sources */ = {isa = PBXBuildFile; fileRef = 116A8A222348C94B009A2152 /* Network.swift */; };
		116A8A262348CC7F009A2152 /* User.swift in Sources */ = {isa = PBXBuildFile; fileRef = 116A8A252348CC7F009A2152 /* User.swift */; };
		116A8A2A2348CD5F009A2152 /* MetiersFaitQuelqueChoseTests.swift in Sources */ = {isa = PBXBuildFile; fileRef = 116A8A292348CD5F009A2152 /* MetiersFaitQuelqueChoseTests.swift */; };
		11C7DEE0237DD99C0059310A /* ArticleDetailRepository.swift in Sources */ = {isa = PBXBuildFile; fileRef = 11C7DEDF237DD99C0059310A /* ArticleDetailRepository.swift */; };
		11C7DEE5237DDBDB0059310A /* ArticleDetailViewModelTests.swift in Sources */ = {isa = PBXBuildFile; fileRef = 11C7DEE4237DDBDB0059310A /* ArticleDetailViewModelTests.swift */; };
/* End PBXBuildFile section */

/* Begin PBXContainerItemProxy section */
		1102A15C231BD9C200C0571B /* PBXContainerItemProxy */ = {
			isa = PBXContainerItemProxy;
			containerPortal = 1102A13F231BD9C100C0571B /* Project object */;
			proxyType = 1;
			remoteGlobalIDString = 1102A146231BD9C100C0571B;
			remoteInfo = FormationUnitTest;
		};
/* End PBXContainerItemProxy section */

/* Begin PBXFileReference section */
		1102A147231BD9C100C0571B /* FormationUnitTest.app */ = {isa = PBXFileReference; explicitFileType = wrapper.application; includeInIndex = 0; path = FormationUnitTest.app; sourceTree = BUILT_PRODUCTS_DIR; };
		1102A14A231BD9C100C0571B /* AppDelegate.swift */ = {isa = PBXFileReference; lastKnownFileType = sourcecode.swift; path = AppDelegate.swift; sourceTree = "<group>"; };
		1102A14C231BD9C100C0571B /* ViewController.swift */ = {isa = PBXFileReference; lastKnownFileType = sourcecode.swift; path = ViewController.swift; sourceTree = "<group>"; };
		1102A14F231BD9C100C0571B /* Base */ = {isa = PBXFileReference; lastKnownFileType = file.storyboard; name = Base; path = Base.lproj/Main.storyboard; sourceTree = "<group>"; };
		1102A151231BD9C200C0571B /* Assets.xcassets */ = {isa = PBXFileReference; lastKnownFileType = folder.assetcatalog; path = Assets.xcassets; sourceTree = "<group>"; };
		1102A154231BD9C200C0571B /* Base */ = {isa = PBXFileReference; lastKnownFileType = file.storyboard; name = Base; path = Base.lproj/LaunchScreen.storyboard; sourceTree = "<group>"; };
		1102A156231BD9C200C0571B /* Info.plist */ = {isa = PBXFileReference; lastKnownFileType = text.plist.xml; path = Info.plist; sourceTree = "<group>"; };
		1102A15B231BD9C200C0571B /* FormationUnitTestTests.xctest */ = {isa = PBXFileReference; explicitFileType = wrapper.cfbundle; includeInIndex = 0; path = FormationUnitTestTests.xctest; sourceTree = BUILT_PRODUCTS_DIR; };
		1102A161231BD9C200C0571B /* Info.plist */ = {isa = PBXFileReference; lastKnownFileType = text.plist.xml; path = Info.plist; sourceTree = "<group>"; };
		1102A172231BDB6800C0571B /* Calculator.swift */ = {isa = PBXFileReference; lastKnownFileType = sourcecode.swift; path = Calculator.swift; sourceTree = "<group>"; };
		1102A176231BDC3700C0571B /* CalculatorTests.swift */ = {isa = PBXFileReference; lastKnownFileType = sourcecode.swift; path = CalculatorTests.swift; sourceTree = "<group>"; };
		116A8A202348C920009A2152 /* MetiersFaitQuelqueChose.swift */ = {isa = PBXFileReference; lastKnownFileType = sourcecode.swift; path = MetiersFaitQuelqueChose.swift; sourceTree = "<group>"; };
		116A8A222348C94B009A2152 /* Network.swift */ = {isa = PBXFileReference; lastKnownFileType = sourcecode.swift; path = Network.swift; sourceTree = "<group>"; };
		116A8A252348CC7F009A2152 /* User.swift */ = {isa = PBXFileReference; lastKnownFileType = sourcecode.swift; path = User.swift; sourceTree = "<group>"; };
		116A8A292348CD5F009A2152 /* MetiersFaitQuelqueChoseTests.swift */ = {isa = PBXFileReference; lastKnownFileType = sourcecode.swift; path = MetiersFaitQuelqueChoseTests.swift; sourceTree = "<group>"; };
		11C7DEDF237DD99C0059310A /* ArticleDetailRepository.swift */ = {isa = PBXFileReference; lastKnownFileType = sourcecode.swift; path = ArticleDetailRepository.swift; sourceTree = "<group>"; };
		11C7DEE4237DDBDB0059310A /* ArticleDetailViewModelTests.swift */ = {isa = PBXFileReference; lastKnownFileType = sourcecode.swift; path = ArticleDetailViewModelTests.swift; sourceTree = "<group>"; };
/* End PBXFileReference section */

/* Begin PBXFrameworksBuildPhase section */
		1102A144231BD9C100C0571B /* Frameworks */ = {
			isa = PBXFrameworksBuildPhase;
			buildActionMask = 2147483647;
			files = (
			);
			runOnlyForDeploymentPostprocessing = 0;
		};
		1102A158231BD9C200C0571B /* Frameworks */ = {
			isa = PBXFrameworksBuildPhase;
			buildActionMask = 2147483647;
			files = (
			);
			runOnlyForDeploymentPostprocessing = 0;
		};
/* End PBXFrameworksBuildPhase section */

/* Begin PBXGroup section */
		1102A13E231BD9C100C0571B = {
			isa = PBXGroup;
			children = (
				1102A149231BD9C100C0571B /* FormationUnitTest */,
				1102A15E231BD9C200C0571B /* FormationUnitTestTests */,
				1102A148231BD9C100C0571B /* Products */,
			);
			sourceTree = "<group>";
		};
		1102A148231BD9C100C0571B /* Products */ = {
			isa = PBXGroup;
			children = (
				1102A147231BD9C100C0571B /* FormationUnitTest.app */,
				1102A15B231BD9C200C0571B /* FormationUnitTestTests.xctest */,
			);
			name = Products;
			sourceTree = "<group>";
		};
		1102A149231BD9C100C0571B /* FormationUnitTest */ = {
			isa = PBXGroup;
			children = (
				1102A170231BDB5200C0571B /* Common */,
				1102A16B231BDA1900C0571B /* Scenes */,
				1102A16A231BD9FF00C0571B /* Resources */,
				1102A14A231BD9C100C0571B /* AppDelegate.swift */,
			);
			path = FormationUnitTest;
			sourceTree = "<group>";
		};
		1102A15E231BD9C200C0571B /* FormationUnitTestTests */ = {
			isa = PBXGroup;
			children = (
				116A8A272348CD47009A2152 /* Scenes */,
				1102A174231BDC1600C0571B /* Common */,
				1102A161231BD9C200C0571B /* Info.plist */,
			);
			path = FormationUnitTestTests;
			sourceTree = "<group>";
		};
		1102A16A231BD9FF00C0571B /* Resources */ = {
			isa = PBXGroup;
			children = (
				1102A151231BD9C200C0571B /* Assets.xcassets */,
				1102A156231BD9C200C0571B /* Info.plist */,
			);
			path = Resources;
			sourceTree = "<group>";
		};
		1102A16B231BDA1900C0571B /* Scenes */ = {
			isa = PBXGroup;
			children = (
				11C7DEDD237DD9670059310A /* ArticleDetail */,
				1102A16D231BDA2800C0571B /* LaunchScreen */,
				1102A16C231BDA1E00C0571B /* Home */,
			);
			path = Scenes;
			sourceTree = "<group>";
		};
		1102A16C231BDA1E00C0571B /* Home */ = {
			isa = PBXGroup;
			children = (
				116A8A242348CC76009A2152 /* Model */,
				1102A14C231BD9C100C0571B /* ViewController.swift */,
				1102A14E231BD9C100C0571B /* Main.storyboard */,
				116A8A202348C920009A2152 /* MetiersFaitQuelqueChose.swift */,
			);
			path = Home;
			sourceTree = "<group>";
		};
		1102A16D231BDA2800C0571B /* LaunchScreen */ = {
			isa = PBXGroup;
			children = (
				1102A153231BD9C200C0571B /* LaunchScreen.storyboard */,
			);
			path = LaunchScreen;
			sourceTree = "<group>";
		};
		1102A170231BDB5200C0571B /* Common */ = {
			isa = PBXGroup;
			children = (
				1102A171231BDB5800C0571B /* Helpers */,
			);
			path = Common;
			sourceTree = "<group>";
		};
		1102A171231BDB5800C0571B /* Helpers */ = {
			isa = PBXGroup;
			children = (
				1102A172231BDB6800C0571B /* Calculator.swift */,
				116A8A222348C94B009A2152 /* Network.swift */,
			);
			path = Helpers;
			sourceTree = "<group>";
		};
		1102A174231BDC1600C0571B /* Common */ = {
			isa = PBXGroup;
			children = (
				1102A175231BDC1D00C0571B /* Helpers */,
			);
			path = Common;
			sourceTree = "<group>";
		};
		1102A175231BDC1D00C0571B /* Helpers */ = {
			isa = PBXGroup;
			children = (
				1102A176231BDC3700C0571B /* CalculatorTests.swift */,
			);
			path = Helpers;
			sourceTree = "<group>";
		};
		116A8A242348CC76009A2152 /* Model */ = {
			isa = PBXGroup;
			children = (
				116A8A252348CC7F009A2152 /* User.swift */,
			);
			path = Model;
			sourceTree = "<group>";
		};
		116A8A272348CD47009A2152 /* Scenes */ = {
			isa = PBXGroup;
			children = (
				11C7DEE2237DDBC70059310A /* ArticleDetail */,
				116A8A282348CD53009A2152 /* Home */,
			);
			path = Scenes;
			sourceTree = "<group>";
		};
		116A8A282348CD53009A2152 /* Home */ = {
			isa = PBXGroup;
			children = (
				116A8A292348CD5F009A2152 /* MetiersFaitQuelqueChoseTests.swift */,
			);
			path = Home;
			sourceTree = "<group>";
		};
		11C7DEDD237DD9670059310A /* ArticleDetail */ = {
			isa = PBXGroup;
			children = (
				11C7DEE1237DDAB20059310A /* ViewModel */,
				11C7DEDE237DD98C0059310A /* Repository */,
			);
			path = ArticleDetail;
			sourceTree = "<group>";
		};
		11C7DEDE237DD98C0059310A /* Repository */ = {
			isa = PBXGroup;
			children = (
				11C7DEDF237DD99C0059310A /* ArticleDetailRepository.swift */,
			);
			path = Repository;
			sourceTree = "<group>";
		};
		11C7DEE1237DDAB20059310A /* ViewModel */ = {
			isa = PBXGroup;
			children = (
			);
			path = ViewModel;
			sourceTree = "<group>";
		};
		11C7DEE2237DDBC70059310A /* ArticleDetail */ = {
			isa = PBXGroup;
			children = (
				11C7DEE3237DDBCE0059310A /* ViewModel */,
			);
			path = ArticleDetail;
			sourceTree = "<group>";
		};
		11C7DEE3237DDBCE0059310A /* ViewModel */ = {
			isa = PBXGroup;
			children = (
				11C7DEE4237DDBDB0059310A /* ArticleDetailViewModelTests.swift */,
			);
			path = ViewModel;
			sourceTree = "<group>";
		};
/* End PBXGroup section */

/* Begin PBXNativeTarget section */
		1102A146231BD9C100C0571B /* FormationUnitTest */ = {
			isa = PBXNativeTarget;
			buildConfigurationList = 1102A164231BD9C200C0571B /* Build configuration list for PBXNativeTarget "FormationUnitTest" */;
			buildPhases = (
				1102A143231BD9C100C0571B /* Sources */,
				1102A144231BD9C100C0571B /* Frameworks */,
				1102A145231BD9C100C0571B /* Resources */,
			);
			buildRules = (
			);
			dependencies = (
			);
			name = FormationUnitTest;
			productName = FormationUnitTest;
			productReference = 1102A147231BD9C100C0571B /* FormationUnitTest.app */;
			productType = "com.apple.product-type.application";
		};
		1102A15A231BD9C200C0571B /* FormationUnitTestTests */ = {
			isa = PBXNativeTarget;
			buildConfigurationList = 1102A167231BD9C200C0571B /* Build configuration list for PBXNativeTarget "FormationUnitTestTests" */;
			buildPhases = (
				1102A157231BD9C200C0571B /* Sources */,
				1102A158231BD9C200C0571B /* Frameworks */,
				1102A159231BD9C200C0571B /* Resources */,
			);
			buildRules = (
			);
			dependencies = (
				1102A15D231BD9C200C0571B /* PBXTargetDependency */,
			);
			name = FormationUnitTestTests;
			productName = FormationUnitTestTests;
			productReference = 1102A15B231BD9C200C0571B /* FormationUnitTestTests.xctest */;
			productType = "com.apple.product-type.bundle.unit-test";
		};
/* End PBXNativeTarget section */

/* Begin PBXProject section */
		1102A13F231BD9C100C0571B /* Project object */ = {
			isa = PBXProject;
			attributes = {
				LastSwiftUpdateCheck = 1030;
				LastUpgradeCheck = 1030;
				ORGANIZATIONNAME = "Ilan Z";
				TargetAttributes = {
					1102A146231BD9C100C0571B = {
						CreatedOnToolsVersion = 10.3;
					};
					1102A15A231BD9C200C0571B = {
						CreatedOnToolsVersion = 10.3;
						LastSwiftMigration = 1030;
						TestTargetID = 1102A146231BD9C100C0571B;
					};
				};
			};
			buildConfigurationList = 1102A142231BD9C100C0571B /* Build configuration list for PBXProject "FormationUnitTest" */;
			compatibilityVersion = "Xcode 9.3";
			developmentRegion = en;
			hasScannedForEncodings = 0;
			knownRegions = (
				en,
				Base,
			);
			mainGroup = 1102A13E231BD9C100C0571B;
			productRefGroup = 1102A148231BD9C100C0571B /* Products */;
			projectDirPath = "";
			projectRoot = "";
			targets = (
				1102A146231BD9C100C0571B /* FormationUnitTest */,
				1102A15A231BD9C200C0571B /* FormationUnitTestTests */,
			);
		};
/* End PBXProject section */

/* Begin PBXResourcesBuildPhase section */
		1102A145231BD9C100C0571B /* Resources */ = {
			isa = PBXResourcesBuildPhase;
			buildActionMask = 2147483647;
			files = (
				1102A155231BD9C200C0571B /* LaunchScreen.storyboard in Resources */,
				1102A152231BD9C200C0571B /* Assets.xcassets in Resources */,
				1102A150231BD9C100C0571B /* Main.storyboard in Resources */,
			);
			runOnlyForDeploymentPostprocessing = 0;
		};
		1102A159231BD9C200C0571B /* Resources */ = {
			isa = PBXResourcesBuildPhase;
			buildActionMask = 2147483647;
			files = (
			);
			runOnlyForDeploymentPostprocessing = 0;
		};
/* End PBXResourcesBuildPhase section */

/* Begin PBXSourcesBuildPhase section */
		1102A143231BD9C100C0571B /* Sources */ = {
			isa = PBXSourcesBuildPhase;
			buildActionMask = 2147483647;
			files = (
				116A8A232348C94B009A2152 /* Network.swift in Sources */,
				1102A14D231BD9C100C0571B /* ViewController.swift in Sources */,
				116A8A262348CC7F009A2152 /* User.swift in Sources */,
				1102A14B231BD9C100C0571B /* AppDelegate.swift in Sources */,
				116A8A212348C920009A2152 /* MetiersFaitQuelqueChose.swift in Sources */,
				11C7DEE0237DD99C0059310A /* ArticleDetailRepository.swift in Sources */,
				1102A173231BDB6800C0571B /* Calculator.swift in Sources */,
			);
			runOnlyForDeploymentPostprocessing = 0;
		};
		1102A157231BD9C200C0571B /* Sources */ = {
			isa = PBXSourcesBuildPhase;
			buildActionMask = 2147483647;
			files = (
				1102A177231BDC3700C0571B /* CalculatorTests.swift in Sources */,
				116A8A2A2348CD5F009A2152 /* MetiersFaitQuelqueChoseTests.swift in Sources */,
				11C7DEE5237DDBDB0059310A /* ArticleDetailViewModelTests.swift in Sources */,
			);
			runOnlyForDeploymentPostprocessing = 0;
		};
/* End PBXSourcesBuildPhase section */

/* Begin PBXTargetDependency section */
		1102A15D231BD9C200C0571B /* PBXTargetDependency */ = {
			isa = PBXTargetDependency;
			target = 1102A146231BD9C100C0571B /* FormationUnitTest */;
			targetProxy = 1102A15C231BD9C200C0571B /* PBXContainerItemProxy */;
		};
/* End PBXTargetDependency section */

/* Begin PBXVariantGroup section */
		1102A14E231BD9C100C0571B /* Main.storyboard */ = {
			isa = PBXVariantGroup;
			children = (
				1102A14F231BD9C100C0571B /* Base */,
			);
			name = Main.storyboard;
			sourceTree = "<group>";
		};
		1102A153231BD9C200C0571B /* LaunchScreen.storyboard */ = {
			isa = PBXVariantGroup;
			children = (
				1102A154231BD9C200C0571B /* Base */,
			);
			name = LaunchScreen.storyboard;
			sourceTree = "<group>";
		};
/* End PBXVariantGroup section */

/* Begin XCBuildConfiguration section */
		1102A162231BD9C200C0571B /* Debug */ = {
			isa = XCBuildConfiguration;
			buildSettings = {
				ALWAYS_SEARCH_USER_PATHS = NO;
				CLANG_ANALYZER_NONNULL = YES;
				CLANG_ANALYZER_NUMBER_OBJECT_CONVERSION = YES_AGGRESSIVE;
				CLANG_CXX_LANGUAGE_STANDARD = "gnu++14";
				CLANG_CXX_LIBRARY = "libc++";
				CLANG_ENABLE_MODULES = YES;
				CLANG_ENABLE_OBJC_ARC = YES;
				CLANG_ENABLE_OBJC_WEAK = YES;
				CLANG_WARN_BLOCK_CAPTURE_AUTORELEASING = YES;
				CLANG_WARN_BOOL_CONVERSION = YES;
				CLANG_WARN_COMMA = YES;
				CLANG_WARN_CONSTANT_CONVERSION = YES;
				CLANG_WARN_DEPRECATED_OBJC_IMPLEMENTATIONS = YES;
				CLANG_WARN_DIRECT_OBJC_ISA_USAGE = YES_ERROR;
				CLANG_WARN_DOCUMENTATION_COMMENTS = YES;
				CLANG_WARN_EMPTY_BODY = YES;
				CLANG_WARN_ENUM_CONVERSION = YES;
				CLANG_WARN_INFINITE_RECURSION = YES;
				CLANG_WARN_INT_CONVERSION = YES;
				CLANG_WARN_NON_LITERAL_NULL_CONVERSION = YES;
				CLANG_WARN_OBJC_IMPLICIT_RETAIN_SELF = YES;
				CLANG_WARN_OBJC_LITERAL_CONVERSION = YES;
				CLANG_WARN_OBJC_ROOT_CLASS = YES_ERROR;
				CLANG_WARN_RANGE_LOOP_ANALYSIS = YES;
				CLANG_WARN_STRICT_PROTOTYPES = YES;
				CLANG_WARN_SUSPICIOUS_MOVE = YES;
				CLANG_WARN_UNGUARDED_AVAILABILITY = YES_AGGRESSIVE;
				CLANG_WARN_UNREACHABLE_CODE = YES;
				CLANG_WARN__DUPLICATE_METHOD_MATCH = YES;
				CODE_SIGN_IDENTITY = "iPhone Developer";
				COPY_PHASE_STRIP = NO;
				DEBUG_INFORMATION_FORMAT = dwarf;
				ENABLE_STRICT_OBJC_MSGSEND = YES;
				ENABLE_TESTABILITY = YES;
				GCC_C_LANGUAGE_STANDARD = gnu11;
				GCC_DYNAMIC_NO_PIC = NO;
				GCC_NO_COMMON_BLOCKS = YES;
				GCC_OPTIMIZATION_LEVEL = 0;
				GCC_PREPROCESSOR_DEFINITIONS = (
					"DEBUG=1",
					"$(inherited)",
				);
				GCC_WARN_64_TO_32_BIT_CONVERSION = YES;
				GCC_WARN_ABOUT_RETURN_TYPE = YES_ERROR;
				GCC_WARN_UNDECLARED_SELECTOR = YES;
				GCC_WARN_UNINITIALIZED_AUTOS = YES_AGGRESSIVE;
				GCC_WARN_UNUSED_FUNCTION = YES;
				GCC_WARN_UNUSED_VARIABLE = YES;
				IPHONEOS_DEPLOYMENT_TARGET = 12.4;
				MTL_ENABLE_DEBUG_INFO = INCLUDE_SOURCE;
				MTL_FAST_MATH = YES;
				ONLY_ACTIVE_ARCH = YES;
				SDKROOT = iphoneos;
				SWIFT_ACTIVE_COMPILATION_CONDITIONS = DEBUG;
				SWIFT_OPTIMIZATION_LEVEL = "-Onone";
			};
			name = Debug;
		};
		1102A163231BD9C200C0571B /* Release */ = {
			isa = XCBuildConfiguration;
			buildSettings = {
				ALWAYS_SEARCH_USER_PATHS = NO;
				CLANG_ANALYZER_NONNULL = YES;
				CLANG_ANALYZER_NUMBER_OBJECT_CONVERSION = YES_AGGRESSIVE;
				CLANG_CXX_LANGUAGE_STANDARD = "gnu++14";
				CLANG_CXX_LIBRARY = "libc++";
				CLANG_ENABLE_MODULES = YES;
				CLANG_ENABLE_OBJC_ARC = YES;
				CLANG_ENABLE_OBJC_WEAK = YES;
				CLANG_WARN_BLOCK_CAPTURE_AUTORELEASING = YES;
				CLANG_WARN_BOOL_CONVERSION = YES;
				CLANG_WARN_COMMA = YES;
				CLANG_WARN_CONSTANT_CONVERSION = YES;
				CLANG_WARN_DEPRECATED_OBJC_IMPLEMENTATIONS = YES;
				CLANG_WARN_DIRECT_OBJC_ISA_USAGE = YES_ERROR;
				CLANG_WARN_DOCUMENTATION_COMMENTS = YES;
				CLANG_WARN_EMPTY_BODY = YES;
				CLANG_WARN_ENUM_CONVERSION = YES;
				CLANG_WARN_INFINITE_RECURSION = YES;
				CLANG_WARN_INT_CONVERSION = YES;
				CLANG_WARN_NON_LITERAL_NULL_CONVERSION = YES;
				CLANG_WARN_OBJC_IMPLICIT_RETAIN_SELF = YES;
				CLANG_WARN_OBJC_LITERAL_CONVERSION = YES;
				CLANG_WARN_OBJC_ROOT_CLASS = YES_ERROR;
				CLANG_WARN_RANGE_LOOP_ANALYSIS = YES;
				CLANG_WARN_STRICT_PROTOTYPES = YES;
				CLANG_WARN_SUSPICIOUS_MOVE = YES;
				CLANG_WARN_UNGUARDED_AVAILABILITY = YES_AGGRESSIVE;
				CLANG_WARN_UNREACHABLE_CODE = YES;
				CLANG_WARN__DUPLICATE_METHOD_MATCH = YES;
				CODE_SIGN_IDENTITY = "iPhone Developer";
				COPY_PHASE_STRIP = NO;
				DEBUG_INFORMATION_FORMAT = "dwarf-with-dsym";
				ENABLE_NS_ASSERTIONS = NO;
				ENABLE_STRICT_OBJC_MSGSEND = YES;
				GCC_C_LANGUAGE_STANDARD = gnu11;
				GCC_NO_COMMON_BLOCKS = YES;
				GCC_WARN_64_TO_32_BIT_CONVERSION = YES;
				GCC_WARN_ABOUT_RETURN_TYPE = YES_ERROR;
				GCC_WARN_UNDECLARED_SELECTOR = YES;
				GCC_WARN_UNINITIALIZED_AUTOS = YES_AGGRESSIVE;
				GCC_WARN_UNUSED_FUNCTION = YES;
				GCC_WARN_UNUSED_VARIABLE = YES;
				IPHONEOS_DEPLOYMENT_TARGET = 12.4;
				MTL_ENABLE_DEBUG_INFO = NO;
				MTL_FAST_MATH = YES;
				SDKROOT = iphoneos;
				SWIFT_COMPILATION_MODE = wholemodule;
				SWIFT_OPTIMIZATION_LEVEL = "-O";
				VALIDATE_PRODUCT = YES;
			};
			name = Release;
		};
		1102A165231BD9C200C0571B /* Debug */ = {
			isa = XCBuildConfiguration;
			buildSettings = {
				ASSETCATALOG_COMPILER_APPICON_NAME = AppIcon;
				CODE_SIGN_STYLE = Automatic;
				DEVELOPMENT_TEAM = 2ZVLFR2ZZ7;
				INFOPLIST_FILE = FormationUnitTest/Resources/Info.plist;
				IPHONEOS_DEPLOYMENT_TARGET = 12.0;
				LD_RUNPATH_SEARCH_PATHS = (
					"$(inherited)",
					"@executable_path/Frameworks",
				);
				PRODUCT_BUNDLE_IDENTIFIER = benext.unitTest.formation.FormationUnitTest;
				PRODUCT_NAME = "$(TARGET_NAME)";
				SWIFT_VERSION = 5.0;
				TARGETED_DEVICE_FAMILY = "1,2";
			};
			name = Debug;
		};
		1102A166231BD9C200C0571B /* Release */ = {
			isa = XCBuildConfiguration;
			buildSettings = {
				ASSETCATALOG_COMPILER_APPICON_NAME = AppIcon;
				CODE_SIGN_STYLE = Automatic;
				DEVELOPMENT_TEAM = 2ZVLFR2ZZ7;
				INFOPLIST_FILE = FormationUnitTest/Resources/Info.plist;
				IPHONEOS_DEPLOYMENT_TARGET = 12.0;
				LD_RUNPATH_SEARCH_PATHS = (
					"$(inherited)",
					"@executable_path/Frameworks",
				);
				PRODUCT_BUNDLE_IDENTIFIER = benext.unitTest.formation.FormationUnitTest;
				PRODUCT_NAME = "$(TARGET_NAME)";
				SWIFT_VERSION = 5.0;
				TARGETED_DEVICE_FAMILY = "1,2";
			};
			name = Release;
		};
		1102A168231BD9C200C0571B /* Debug */ = {
			isa = XCBuildConfiguration;
			buildSettings = {
				ALWAYS_EMBED_SWIFT_STANDARD_LIBRARIES = YES;
				BUNDLE_LOADER = "$(TEST_HOST)";
				CLANG_ENABLE_MODULES = YES;
				CODE_SIGN_STYLE = Automatic;
				DEVELOPMENT_TEAM = 2ZVLFR2ZZ7;
				INFOPLIST_FILE = FormationUnitTestTests/Info.plist;
				LD_RUNPATH_SEARCH_PATHS = (
					"$(inherited)",
					"@executable_path/Frameworks",
					"@loader_path/Frameworks",
				);
				PRODUCT_BUNDLE_IDENTIFIER = benext.unitTest.formation.FormationUnitTestTests;
				PRODUCT_NAME = "$(TARGET_NAME)";
				SWIFT_OPTIMIZATION_LEVEL = "-Onone";
				SWIFT_VERSION = 5.0;
				TARGETED_DEVICE_FAMILY = "1,2";
				TEST_HOST = "$(BUILT_PRODUCTS_DIR)/FormationUnitTest.app/FormationUnitTest";
			};
			name = Debug;
		};
		1102A169231BD9C200C0571B /* Release */ = {
			isa = XCBuildConfiguration;
			buildSettings = {
				ALWAYS_EMBED_SWIFT_STANDARD_LIBRARIES = YES;
				BUNDLE_LOADER = "$(TEST_HOST)";
				CLANG_ENABLE_MODULES = YES;
				CODE_SIGN_STYLE = Automatic;
				DEVELOPMENT_TEAM = 2ZVLFR2ZZ7;
				INFOPLIST_FILE = FormationUnitTestTests/Info.plist;
				LD_RUNPATH_SEARCH_PATHS = (
					"$(inherited)",
					"@executable_path/Frameworks",
					"@loader_path/Frameworks",
				);
				PRODUCT_BUNDLE_IDENTIFIER = benext.unitTest.formation.FormationUnitTestTests;
				PRODUCT_NAME = "$(TARGET_NAME)";
				SWIFT_VERSION = 5.0;
				TARGETED_DEVICE_FAMILY = "1,2";
				TEST_HOST = "$(BUILT_PRODUCTS_DIR)/FormationUnitTest.app/FormationUnitTest";
			};
			name = Release;
		};
/* End XCBuildConfiguration section */

/* Begin XCConfigurationList section */
		1102A142231BD9C100C0571B /* Build configuration list for PBXProject "FormationUnitTest" */ = {
			isa = XCConfigurationList;
			buildConfigurations = (
				1102A162231BD9C200C0571B /* Debug */,
				1102A163231BD9C200C0571B /* Release */,
			);
			defaultConfigurationIsVisible = 0;
			defaultConfigurationName = Release;
		};
		1102A164231BD9C200C0571B /* Build configuration list for PBXNativeTarget "FormationUnitTest" */ = {
			isa = XCConfigurationList;
			buildConfigurations = (
				1102A165231BD9C200C0571B /* Debug */,
				1102A166231BD9C200C0571B /* Release */,
			);
			defaultConfigurationIsVisible = 0;
			defaultConfigurationName = Release;
		};
		1102A167231BD9C200C0571B /* Build configuration list for PBXNativeTarget "FormationUnitTestTests" */ = {
			isa = XCConfigurationList;
			buildConfigurations = (
				1102A168231BD9C200C0571B /* Debug */,
				1102A169231BD9C200C0571B /* Release */,
			);
			defaultConfigurationIsVisible = 0;
			defaultConfigurationName = Release;
		};
/* End XCConfigurationList section */
	};
	rootObject = 1102A13F231BD9C100C0571B /* Project object */;
}
